
Microsoft Visual Studio Solution File, Format Version 12.00
# Visual Studio Express 2012 for Windows Desktop
Project("{FAE04EC0-301F-11D3-BF4B-00C04F79EFBC}") = "RoboL Emulator and Debugger", "RoboL Emulator and Debugger\RoboL Emulator and Debugger.csproj", "{77427182-A5A3-43B2-AE18-3B3DDFCEB1B5}"
EndProject
Global
	GlobalSection(SolutionConfigurationPlatforms) = preSolution
		Debug|Any CPU = Debug|Any CPU
		Release|Any CPU = Release|Any CPU
	EndGlobalSection
	GlobalSection(ProjectConfigurationPlatforms) = postSolution
		{77427182-A5A3-43B2-AE18-3B3DDFCEB1B5}.Debug|Any CPU.ActiveCfg = Debug|Any CPU
		{77427182-A5A3-43B2-AE18-3B3DDFCEB1B5}.Debug|Any CPU.Build.0 = Debug|Any CPU
		{77427182-A5A3-43B2-AE18-3B3DDFCEB1B5}.Release|Any CPU.ActiveCfg = Release|Any CPU
		{77427182-A5A3-43B2-AE18-3B3DDFCEB1B5}.Release|Any CPU.Build.0 = Release|Any CPU
	EndGlobalSection
	GlobalSection(SolutionProperties) = preSolution
		HideSolutionNode = FALSE
	EndGlobalSection
EndGlobal
